
Microsoft Visual Studio Solution File, Format Version 12.00
# Visual Studio Version 16
VisualStudioVersion = 16.0.31205.134
MinimumVisualStudioVersion = 10.0.40219.1
Project("{FAE04EC0-301F-11D3-BF4B-00C04F79EFBC}") = "FinalAppTest", "FinalAppTest\FinalAppTest.csproj", "{0A3FC8BC-21FC-42F2-B4F8-58F0BFDE1CA0}"
EndProject
Project("{FAE04EC0-301F-11D3-BF4B-00C04F79EFBC}") = "WpfCharts", "WpfCharts\WpfCharts.csproj", "{AFCE1275-7070-41AA-B6FE-DBDD1AF25D7C}"
EndProject
Project("{54435603-DBB4-11D2-8724-00A0C9A8B90C}") = "CPU Simulator", "CPU Simulator\CPU Simulator.vdproj", "{AF8AE25B-A983-42FB-9ED6-4078D4DB2599}"
EndProject
Global
	GlobalSection(SolutionConfigurationPlatforms) = preSolution
		Debug|Any CPU = Debug|Any CPU
		Release|Any CPU = Release|Any CPU
	EndGlobalSection
	GlobalSection(ProjectConfigurationPlatforms) = postSolution
		{0A3FC8BC-21FC-42F2-B4F8-58F0BFDE1CA0}.Debug|Any CPU.ActiveCfg = Debug|Any CPU
		{0A3FC8BC-21FC-42F2-B4F8-58F0BFDE1CA0}.Debug|Any CPU.Build.0 = Debug|Any CPU
		{0A3FC8BC-21FC-42F2-B4F8-58F0BFDE1CA0}.Release|Any CPU.ActiveCfg = Release|Any CPU
		{0A3FC8BC-21FC-42F2-B4F8-58F0BFDE1CA0}.Release|Any CPU.Build.0 = Release|Any CPU
		{AFCE1275-7070-41AA-B6FE-DBDD1AF25D7C}.Debug|Any CPU.ActiveCfg = Debug|Any CPU
		{AFCE1275-7070-41AA-B6FE-DBDD1AF25D7C}.Debug|Any CPU.Build.0 = Debug|Any CPU
		{AFCE1275-7070-41AA-B6FE-DBDD1AF25D7C}.Release|Any CPU.ActiveCfg = Release|Any CPU
		{AFCE1275-7070-41AA-B6FE-DBDD1AF25D7C}.Release|Any CPU.Build.0 = Release|Any CPU
		{AF8AE25B-A983-42FB-9ED6-4078D4DB2599}.Debug|Any CPU.ActiveCfg = Debug
		{AF8AE25B-A983-42FB-9ED6-4078D4DB2599}.Release|Any CPU.ActiveCfg = Release
	EndGlobalSection
	GlobalSection(SolutionProperties) = preSolution
		HideSolutionNode = FALSE
	EndGlobalSection
	GlobalSection(ExtensibilityGlobals) = postSolution
		SolutionGuid = {DCA92418-CF1B-42A1-96D7-1D7011FCA432}
	EndGlobalSection
EndGlobal
