
Microsoft Visual Studio Solution File, Format Version 12.00
# Blend for Visual Studio Version 16
VisualStudioVersion = 16.0.31129.286
MinimumVisualStudioVersion = 10.0.40219.1
Project("{FAE04EC0-301F-11D3-BF4B-00C04F79EFBC}") = "TaskSimulListePrets", "TaskSimulListePrets\TaskSimulListePrets.csproj", "{98B3E7AC-3E55-45F0-B882-3CEA6A5AE4DD}"
EndProject
Global
	GlobalSection(SolutionConfigurationPlatforms) = preSolution
		Debug|Any CPU = Debug|Any CPU
		Release|Any CPU = Release|Any CPU
	EndGlobalSection
	GlobalSection(ProjectConfigurationPlatforms) = postSolution
		{98B3E7AC-3E55-45F0-B882-3CEA6A5AE4DD}.Debug|Any CPU.ActiveCfg = Debug|Any CPU
		{98B3E7AC-3E55-45F0-B882-3CEA6A5AE4DD}.Debug|Any CPU.Build.0 = Debug|Any CPU
		{98B3E7AC-3E55-45F0-B882-3CEA6A5AE4DD}.Release|Any CPU.ActiveCfg = Release|Any CPU
		{98B3E7AC-3E55-45F0-B882-3CEA6A5AE4DD}.Release|Any CPU.Build.0 = Release|Any CPU
	EndGlobalSection
	GlobalSection(SolutionProperties) = preSolution
		HideSolutionNode = FALSE
	EndGlobalSection
	GlobalSection(ExtensibilityGlobals) = postSolution
		SolutionGuid = {49A89DA8-D988-4F7B-8843-738DAD09F736}
	EndGlobalSection
EndGlobal
