
Microsoft Visual Studio Solution File, Format Version 12.00
# Blend for Visual Studio Version 16
VisualStudioVersion = 16.0.31129.286
MinimumVisualStudioVersion = 10.0.40219.1
Project("{FAE04EC0-301F-11D3-BF4B-00C04F79EFBC}") = "ResultTable", "ResultTable\ResultTable.csproj", "{5F30617E-3918-4E84-9D0D-FD265648888B}"
EndProject
Global
	GlobalSection(SolutionConfigurationPlatforms) = preSolution
		Debug|Any CPU = Debug|Any CPU
		Release|Any CPU = Release|Any CPU
	EndGlobalSection
	GlobalSection(ProjectConfigurationPlatforms) = postSolution
		{5F30617E-3918-4E84-9D0D-FD265648888B}.Debug|Any CPU.ActiveCfg = Debug|Any CPU
		{5F30617E-3918-4E84-9D0D-FD265648888B}.Debug|Any CPU.Build.0 = Debug|Any CPU
		{5F30617E-3918-4E84-9D0D-FD265648888B}.Release|Any CPU.ActiveCfg = Release|Any CPU
		{5F30617E-3918-4E84-9D0D-FD265648888B}.Release|Any CPU.Build.0 = Release|Any CPU
	EndGlobalSection
	GlobalSection(SolutionProperties) = preSolution
		HideSolutionNode = FALSE
	EndGlobalSection
	GlobalSection(ExtensibilityGlobals) = postSolution
		SolutionGuid = {EBC2F382-160B-438D-A1A3-B140A937DF45}
	EndGlobalSection
EndGlobal
